{
  "requires": true,
  "lockfileVersion": 1,
  "dependencies": {
    "logrocket": {
      "version": "1.0.7",
      "resolved": "https://registry.npmjs.org/logrocket/-/logrocket-1.0.7.tgz",
      "integrity": "sha512-v6HWEQIsyG+3FkldB7vIAgHh7/qpsiz2Br4bLK5SHBvjqRrHs/Fp+Jr8oiA2GYq0UurAtCu51U8SWft5+OCKtg=="
    }
  }
}
